
Microsoft Visual Studio Solution File, Format Version 12.00
# Blend for Visual Studio 14
VisualStudioVersion = 14.0.25420.1
MinimumVisualStudioVersion = 10.0.40219.1
Project("{FAE04EC0-301F-11D3-BF4B-00C04F79EFBC}") = "TCGPlayerScraperApp", "WpfApplication1\TCGPlayerScraperApp.csproj", "{62D3734D-479A-46F1-A7BD-3FFDFE1B8EFD}"
EndProject
Global
	GlobalSection(SolutionConfigurationPlatforms) = preSolution
		Debug|Any CPU = Debug|Any CPU
		Release|Any CPU = Release|Any CPU
	EndGlobalSection
	GlobalSection(ProjectConfigurationPlatforms) = postSolution
		{62D3734D-479A-46F1-A7BD-3FFDFE1B8EFD}.Debug|Any CPU.ActiveCfg = Debug|Any CPU
		{62D3734D-479A-46F1-A7BD-3FFDFE1B8EFD}.Debug|Any CPU.Build.0 = Debug|Any CPU
		{62D3734D-479A-46F1-A7BD-3FFDFE1B8EFD}.Release|Any CPU.ActiveCfg = Release|Any CPU
		{62D3734D-479A-46F1-A7BD-3FFDFE1B8EFD}.Release|Any CPU.Build.0 = Release|Any CPU
	EndGlobalSection
	GlobalSection(SolutionProperties) = preSolution
		HideSolutionNode = FALSE
	EndGlobalSection
EndGlobal
